<?xml version="1.0" encoding="utf-8"?>
<Project ToolsVersion="4.0" xmlns="http://schemas.microsoft.com/developer/msbuild/2003">
  <ItemGroup>
    <Filter Include="소스 파일">
      <UniqueIdentifier>{4FC737F1-C7A5-4376-A066-2A32D752A2FF}</UniqueIdentifier>
      <Extensions>cpp;c;cc;cxx;c++;cppm;ixx;def;odl;idl;hpj;bat;asm;asmx</Extensions>
    </Filter>
    <Filter Include="헤더 파일">
      <UniqueIdentifier>{93995380-89BD-4b04-88EB-625FBE52EBFB}</UniqueIdentifier>
      <Extensions>h;hh;hpp;hxx;h++;hm;inl;inc;ipp;xsd</Extensions>
    </Filter>
    <Filter Include="리소스 파일">
      <UniqueIdentifier>{67DA6AB6-F800-4c08-8B7A-83BB121AAD01}</UniqueIdentifier>
      <Extensions>rc;ico;cur;bmp;dlg;rc2;rct;bin;rgs;gif;jpg;jpeg;jpe;resx;tiff;tif;png;wav;mfcribbon-ms</Extensions>
    </Filter>
  </ItemGroup>
  <ItemGroup>
    <ClCompile Include="Q12935.cpp">
      <Filter>소스 파일</Filter>
    </ClCompile>
    <ClCompile Include="Q12940.cpp">
      <Filter>소스 파일</Filter>
    </ClCompile>
    <ClCompile Include="Q12947.cpp">
      <Filter>소스 파일</Filter>
    </ClCompile>
    <ClCompile Include="Q12950.cpp">
      <Filter>소스 파일</Filter>
    </ClCompile>
    <ClCompile Include="Q12906.cpp">
      <Filter>소스 파일</Filter>
    </ClCompile>
    <ClCompile Include="Q12916.cpp">
      <Filter>소스 파일</Filter>
    </ClCompile>
    <ClCompile Include="Q12933.cpp">
      <Filter>소스 파일</Filter>
    </ClCompile>
    <ClCompile Include="Q12943.cpp">
      <Filter>소스 파일</Filter>
    </ClCompile>
    <ClCompile Include="Q12934.cpp">
      <Filter>소스 파일</Filter>
    </ClCompile>
    <ClCompile Include="Q12932.cpp">
      <Filter>소스 파일</Filter>
    </ClCompile>
    <ClCompile Include="Q12930.cpp">
      <Filter>소스 파일</Filter>
    </ClCompile>
    <ClCompile Include="Q12926.cpp">
      <Filter>소스 파일</Filter>
    </ClCompile>
    <ClCompile Include="Q12922.cpp">
      <Filter>소스 파일</Filter>
    </ClCompile>
    <ClCompile Include="Q12921.cpp">
      <Filter>소스 파일</Filter>
    </ClCompile>
    <ClCompile Include="Q12919.cpp">
      <Filter>소스 파일</Filter>
    </ClCompile>
    <ClCompile Include="Q17682.cpp">
      <Filter>소스 파일</Filter>
    </ClCompile>
    <ClCompile Include="Q12901.cpp">
      <Filter>소스 파일</Filter>
    </ClCompile>
    <ClCompile Include="Q68644.cpp">
      <Filter>소스 파일</Filter>
    </ClCompile>
    <ClCompile Include="Q12917.cpp">
      <Filter>소스 파일</Filter>
    </ClCompile>
    <ClCompile Include="DataStructure02.cpp">
      <Filter>소스 파일</Filter>
    </ClCompile>
    <ClCompile Include="DataStructre01.cpp">
      <Filter>소스 파일</Filter>
    </ClCompile>
    <ClCompile Include="Q42888.cpp">
      <Filter>소스 파일</Filter>
    </ClCompile>
    <ClCompile Include="Q42577.cpp">
      <Filter>소스 파일</Filter>
    </ClCompile>
    <ClCompile Include="Q42586.cpp">
      <Filter>소스 파일</Filter>
    </ClCompile>
    <ClCompile Include="CodingTest01.cpp">
      <Filter>소스 파일</Filter>
    </ClCompile>
    <ClCompile Include="Q12915.cpp">
      <Filter>소스 파일</Filter>
    </ClCompile>
    <ClCompile Include="Q17681.cpp">
      <Filter>소스 파일</Filter>
    </ClCompile>
    <ClCompile Include="Q12910.cpp">
      <Filter>소스 파일</Filter>
    </ClCompile>
    <ClCompile Include="Q12903.cpp">
      <Filter>소스 파일</Filter>
    </ClCompile>
    <ClCompile Include="Q68935.cpp">
      <Filter>소스 파일</Filter>
    </ClCompile>
    <ClCompile Include="Q1845.cpp">
      <Filter>소스 파일</Filter>
    </ClCompile>
    <ClCompile Include="Q42748.cpp">
      <Filter>소스 파일</Filter>
    </ClCompile>
    <ClCompile Include="Q77484.cpp">
      <Filter>소스 파일</Filter>
    </ClCompile>
    <ClCompile Include="Q41862.cpp">
      <Filter>소스 파일</Filter>
    </ClCompile>
    <ClCompile Include="Q67256.cpp">
      <Filter>소스 파일</Filter>
    </ClCompile>
    <ClCompile Include="Q42576.cpp">
      <Filter>소스 파일</Filter>
    </ClCompile>
    <ClCompile Include="Q70128.cpp">
      <Filter>소스 파일</Filter>
    </ClCompile>
    <ClCompile Include="Q77884.cpp">
      <Filter>소스 파일</Filter>
    </ClCompile>
    <ClCompile Include="Q76501.cpp">
      <Filter>소스 파일</Filter>
    </ClCompile>
    <ClCompile Include="Q42840.cpp">
      <Filter>소스 파일</Filter>
    </ClCompile>
    <ClCompile Include="Q64061.cpp">
      <Filter>소스 파일</Filter>
    </ClCompile>
    <ClCompile Include="Q12977.cpp">
      <Filter>소스 파일</Filter>
    </ClCompile>
    <ClCompile Include="Q81301.cpp">
      <Filter>소스 파일</Filter>
    </ClCompile>
    <ClCompile Include="Q72410.cpp">
      <Filter>소스 파일</Filter>
    </ClCompile>
    <ClCompile Include="Q12982.cpp">
      <Filter>소스 파일</Filter>
    </ClCompile>
    <ClCompile Include="Q42889.cpp">
      <Filter>소스 파일</Filter>
    </ClCompile>
    <ClCompile Include="Q82612.cpp">
      <Filter>소스 파일</Filter>
    </ClCompile>
    <ClCompile Include="Q86051.cpp">
      <Filter>소스 파일</Filter>
    </ClCompile>
  </ItemGroup>
</Project>