<?xml version="1.0" encoding="utf-8"?>
<Project ToolsVersion="4.0" xmlns="http://schemas.microsoft.com/developer/msbuild/2003">
  <ItemGroup>
    <Filter Include="소스 파일">
      <UniqueIdentifier>{4FC737F1-C7A5-4376-A066-2A32D752A2FF}</UniqueIdentifier>
      <Extensions>cpp;c;cc;cxx;c++;cppm;ixx;def;odl;idl;hpj;bat;asm;asmx</Extensions>
    </Filter>
    <Filter Include="헤더 파일">
      <UniqueIdentifier>{93995380-89BD-4b04-88EB-625FBE52EBFB}</UniqueIdentifier>
      <Extensions>h;hh;hpp;hxx;h++;hm;inl;inc;ipp;xsd</Extensions>
    </Filter>
    <Filter Include="리소스 파일">
      <UniqueIdentifier>{67DA6AB6-F800-4c08-8B7A-83BB121AAD01}</UniqueIdentifier>
      <Extensions>rc;ico;cur;bmp;dlg;rc2;rct;bin;rgs;gif;jpg;jpeg;jpe;resx;tiff;tif;png;wav;mfcribbon-ms</Extensions>
    </Filter>
  </ItemGroup>
  <ItemGroup>
    <ClCompile Include="Q12935.cpp">
      <Filter>소스 파일</Filter>
    </ClCompile>
    <ClCompile Include="Q12940.cpp">
      <Filter>소스 파일</Filter>
    </ClCompile>
    <ClCompile Include="Q12947.cpp">
      <Filter>소스 파일</Filter>
    </ClCompile>
    <ClCompile Include="Q12950.cpp">
      <Filter>소스 파일</Filter>
    </ClCompile>
    <ClCompile Include="Q12906.cpp">
      <Filter>소스 파일</Filter>
    </ClCompile>
    <ClCompile Include="Q12916.cpp">
      <Filter>소스 파일</Filter>
    </ClCompile>
    <ClCompile Include="Q12933.cpp">
      <Filter>소스 파일</Filter>
    </ClCompile>
    <ClCompile Include="Q12943.cpp">
      <Filter>소스 파일</Filter>
    </ClCompile>
    <ClCompile Include="Q12934.cpp">
      <Filter>소스 파일</Filter>
    </ClCompile>
    <ClCompile Include="Q12932.cpp">
      <Filter>소스 파일</Filter>
    </ClCompile>
    <ClCompile Include="Q12930.cpp">
      <Filter>소스 파일</Filter>
    </ClCompile>
    <ClCompile Include="Q12926.cpp">
      <Filter>소스 파일</Filter>
    </ClCompile>
    <ClCompile Include="Q12922.cpp">
      <Filter>소스 파일</Filter>
    </ClCompile>
    <ClCompile Include="Q12921.cpp">
      <Filter>소스 파일</Filter>
    </ClCompile>
    <ClCompile Include="Q12919.cpp">
      <Filter>소스 파일</Filter>
    </ClCompile>
    <ClCompile Include="Q17682.cpp">
      <Filter>소스 파일</Filter>
    </ClCompile>
    <ClCompile Include="Q12901.cpp">
      <Filter>소스 파일</Filter>
    </ClCompile>
    <ClCompile Include="Q68644.cpp">
      <Filter>소스 파일</Filter>
    </ClCompile>
    <ClCompile Include="Q12917.cpp">
      <Filter>소스 파일</Filter>
    </ClCompile>
    <ClCompile Include="Q42888.cpp">
      <Filter>소스 파일</Filter>
    </ClCompile>
    <ClCompile Include="Q42577.cpp">
      <Filter>소스 파일</Filter>
    </ClCompile>
    <ClCompile Include="Q42586.cpp">
      <Filter>소스 파일</Filter>
    </ClCompile>
    <ClCompile Include="Q12915.cpp">
      <Filter>소스 파일</Filter>
    </ClCompile>
    <ClCompile Include="Q17681.cpp">
      <Filter>소스 파일</Filter>
    </ClCompile>
    <ClCompile Include="Q12910.cpp">
      <Filter>소스 파일</Filter>
    </ClCompile>
    <ClCompile Include="Q12903.cpp">
      <Filter>소스 파일</Filter>
    </ClCompile>
    <ClCompile Include="Q68935.cpp">
      <Filter>소스 파일</Filter>
    </ClCompile>
    <ClCompile Include="Q1845.cpp">
      <Filter>소스 파일</Filter>
    </ClCompile>
    <ClCompile Include="Q42748.cpp">
      <Filter>소스 파일</Filter>
    </ClCompile>
    <ClCompile Include="Q77484.cpp">
      <Filter>소스 파일</Filter>
    </ClCompile>
    <ClCompile Include="Q41862.cpp">
      <Filter>소스 파일</Filter>
    </ClCompile>
    <ClCompile Include="Q67256.cpp">
      <Filter>소스 파일</Filter>
    </ClCompile>
    <ClCompile Include="Q42576.cpp">
      <Filter>소스 파일</Filter>
    </ClCompile>
    <ClCompile Include="Q70128.cpp">
      <Filter>소스 파일</Filter>
    </ClCompile>
    <ClCompile Include="Q77884.cpp">
      <Filter>소스 파일</Filter>
    </ClCompile>
    <ClCompile Include="Q76501.cpp">
      <Filter>소스 파일</Filter>
    </ClCompile>
    <ClCompile Include="Q42840.cpp">
      <Filter>소스 파일</Filter>
    </ClCompile>
    <ClCompile Include="Q64061.cpp">
      <Filter>소스 파일</Filter>
    </ClCompile>
    <ClCompile Include="Q12977.cpp">
      <Filter>소스 파일</Filter>
    </ClCompile>
    <ClCompile Include="Q81301.cpp">
      <Filter>소스 파일</Filter>
    </ClCompile>
    <ClCompile Include="Q72410.cpp">
      <Filter>소스 파일</Filter>
    </ClCompile>
    <ClCompile Include="Q12982.cpp">
      <Filter>소스 파일</Filter>
    </ClCompile>
    <ClCompile Include="Q42889.cpp">
      <Filter>소스 파일</Filter>
    </ClCompile>
    <ClCompile Include="Q82612.cpp">
      <Filter>소스 파일</Filter>
    </ClCompile>
    <ClCompile Include="Q86051.cpp">
      <Filter>소스 파일</Filter>
    </ClCompile>
    <ClCompile Include="Q86491.cpp">
      <Filter>소스 파일</Filter>
    </ClCompile>
    <ClCompile Include="DataStruectrue01_practice.cpp">
      <Filter>소스 파일</Filter>
    </ClCompile>
    <ClCompile Include="DataStructure02.cpp">
      <Filter>소스 파일</Filter>
    </ClCompile>
    <ClCompile Include="Q87389.cpp">
      <Filter>소스 파일</Filter>
    </ClCompile>
    <ClCompile Include="Q92334.cpp">
      <Filter>소스 파일</Filter>
    </ClCompile>
    <ClCompile Include="Q43165.cpp">
      <Filter>소스 파일</Filter>
    </ClCompile>
    <ClCompile Include="Q42626.cpp">
      <Filter>소스 파일</Filter>
    </ClCompile>
    <ClCompile Include="Q42587.cpp">
      <Filter>소스 파일</Filter>
    </ClCompile>
    <ClCompile Include="Q42839.cpp">
      <Filter>소스 파일</Filter>
    </ClCompile>
    <ClCompile Include="Q42578.cpp">
      <Filter>소스 파일</Filter>
    </ClCompile>
    <ClCompile Include="Q42583.cpp">
      <Filter>소스 파일</Filter>
    </ClCompile>
    <ClCompile Include="PC++06_ex12.cpp">
      <Filter>소스 파일</Filter>
    </ClCompile>
    <ClCompile Include="DataStructure01_2017110060 강수연.cpp">
      <Filter>소스 파일</Filter>
    </ClCompile>
    <ClCompile Include="DataStructure04.cpp">
      <Filter>소스 파일</Filter>
    </ClCompile>
    <ClCompile Include="Q42747.cpp">
      <Filter>소스 파일</Filter>
    </ClCompile>
    <ClCompile Include="Q42842cpp.cpp">
      <Filter>소스 파일</Filter>
    </ClCompile>
    <ClCompile Include="Q42584.cpp">
      <Filter>소스 파일</Filter>
    </ClCompile>
    <ClCompile Include="Q12973.cpp">
      <Filter>소스 파일</Filter>
    </ClCompile>
    <ClCompile Include="Q1844.cpp">
      <Filter>소스 파일</Filter>
    </ClCompile>
    <ClCompile Include="DataStructure_LinkedList01.cpp">
      <Filter>소스 파일</Filter>
    </ClCompile>
    <ClCompile Include="DataStructure05.cpp">
      <Filter>소스 파일</Filter>
    </ClCompile>
    <ClCompile Include="Q42860.cpp">
      <Filter>소스 파일</Filter>
    </ClCompile>
    <ClCompile Include="cppStudy_220427.cpp">
      <Filter>소스 파일</Filter>
    </ClCompile>
    <ClCompile Include="PC++08_p354.cpp">
      <Filter>소스 파일</Filter>
    </ClCompile>
    <ClCompile Include="Q42883.cpp">
      <Filter>소스 파일</Filter>
    </ClCompile>
    <ClCompile Include="Q42885.cpp">
      <Filter>소스 파일</Filter>
    </ClCompile>
    <ClCompile Include="DataStructure_LinkedList02.cpp">
      <Filter>소스 파일</Filter>
    </ClCompile>
    <ClCompile Include="DataStructure07_2017110060 강수연.cpp">
      <Filter>소스 파일</Filter>
    </ClCompile>
    <ClCompile Include="DataStructure06_2017110060 강수연.cpp">
      <Filter>소스 파일</Filter>
    </ClCompile>
    <ClCompile Include="DataStructure_LinkedList04.cpp">
      <Filter>소스 파일</Filter>
    </ClCompile>
    <ClCompile Include="DataStructure_LinkedList05.cpp">
      <Filter>소스 파일</Filter>
    </ClCompile>
    <ClCompile Include="DataStructure08_2017110060 강수연.cpp">
      <Filter>소스 파일</Filter>
    </ClCompile>
    <ClCompile Include="DataStructure_Stack01.cpp">
      <Filter>소스 파일</Filter>
    </ClCompile>
    <ClCompile Include="Q49993.cpp">
      <Filter>소스 파일</Filter>
    </ClCompile>
    <ClCompile Include="Q64065.cpp">
      <Filter>소스 파일</Filter>
    </ClCompile>
    <ClCompile Include="DataStructure09_2017110060 강수연.cpp">
      <Filter>소스 파일</Filter>
    </ClCompile>
    <ClCompile Include="Q60057.cpp">
      <Filter>소스 파일</Filter>
    </ClCompile>
    <ClCompile Include="Q12899.cpp">
      <Filter>소스 파일</Filter>
    </ClCompile>
    <ClCompile Include="Q12945.cpp">
      <Filter>소스 파일</Filter>
    </ClCompile>
    <ClCompile Include="Q12939.cpp">
      <Filter>소스 파일</Filter>
    </ClCompile>
    <ClCompile Include="Q60058.cpp">
      <Filter>소스 파일</Filter>
    </ClCompile>
    <ClCompile Include="Q12953.cpp">
      <Filter>소스 파일</Filter>
    </ClCompile>
    <ClCompile Include="Q12941.cpp">
      <Filter>소스 파일</Filter>
    </ClCompile>
    <ClCompile Include="Q12909.cpp">
      <Filter>소스 파일</Filter>
    </ClCompile>
    <ClCompile Include="Q12911.cpp">
      <Filter>소스 파일</Filter>
    </ClCompile>
    <ClCompile Include="Q12924.cpp">
      <Filter>소스 파일</Filter>
    </ClCompile>
    <ClCompile Include="Q12951.cpp">
      <Filter>소스 파일</Filter>
    </ClCompile>
    <ClCompile Include="Q17677.cpp">
      <Filter>소스 파일</Filter>
    </ClCompile>
    <ClCompile Include="Q12981.cpp">
      <Filter>소스 파일</Filter>
    </ClCompile>
    <ClCompile Include="Q72411.cpp">
      <Filter>소스 파일</Filter>
    </ClCompile>
    <ClCompile Include="Q12949.cpp">
      <Filter>소스 파일</Filter>
    </ClCompile>
    <ClCompile Include="Q17680.cpp">
      <Filter>소스 파일</Filter>
    </ClCompile>
    <ClCompile Include="LRU_Least Recently Used Algorithm.cpp">
      <Filter>소스 파일</Filter>
    </ClCompile>
    <ClCompile Include="Q67257.cpp">
      <Filter>소스 파일</Filter>
    </ClCompile>
    <ClCompile Include="Q12913.cpp">
      <Filter>소스 파일</Filter>
    </ClCompile>
    <ClCompile Include="Q12985.cpp">
      <Filter>소스 파일</Filter>
    </ClCompile>
    <ClCompile Include="Q12980.cpp">
      <Filter>소스 파일</Filter>
    </ClCompile>
    <ClCompile Include="Q17679.cpp">
      <Filter>소스 파일</Filter>
    </ClCompile>
    <ClCompile Include="Q68645.cpp">
      <Filter>소스 파일</Filter>
    </ClCompile>
  </ItemGroup>
</Project>